
Microsoft Visual Studio Solution File, Format Version 12.00
Project("{FAE04EC0-301F-11D3-BF4B-00C04F79EFBC}") = "Client", "Client\Client.csproj", "{9EC9C2C7-A290-4850-9462-E50E0A791F20}"
EndProject
Project("{FAE04EC0-301F-11D3-BF4B-00C04F79EFBC}") = "Client.IntegrationTests", "Client.IntegrationTests\Client.IntegrationTests.csproj", "{000602D2-5D83-46AC-AC6F-DF62656AD142}"
EndProject
Global
	GlobalSection(SolutionConfigurationPlatforms) = preSolution
		Debug|Any CPU = Debug|Any CPU
		Release|Any CPU = Release|Any CPU
	EndGlobalSection
	GlobalSection(ProjectConfigurationPlatforms) = postSolution
		{9EC9C2C7-A290-4850-9462-E50E0A791F20}.Debug|Any CPU.ActiveCfg = Debug|Any CPU
		{9EC9C2C7-A290-4850-9462-E50E0A791F20}.Debug|Any CPU.Build.0 = Debug|Any CPU
		{9EC9C2C7-A290-4850-9462-E50E0A791F20}.Release|Any CPU.ActiveCfg = Release|Any CPU
		{9EC9C2C7-A290-4850-9462-E50E0A791F20}.Release|Any CPU.Build.0 = Release|Any CPU
		{000602D2-5D83-46AC-AC6F-DF62656AD142}.Debug|Any CPU.ActiveCfg = Debug|Any CPU
		{000602D2-5D83-46AC-AC6F-DF62656AD142}.Debug|Any CPU.Build.0 = Debug|Any CPU
		{000602D2-5D83-46AC-AC6F-DF62656AD142}.Release|Any CPU.ActiveCfg = Release|Any CPU
		{000602D2-5D83-46AC-AC6F-DF62656AD142}.Release|Any CPU.Build.0 = Release|Any CPU
	EndGlobalSection
EndGlobal
